{
  "version": 4,
  "terraform_version": "1.15.5",
  "serial": 16,
  "lineage": "1ce6234f-ea66-7ee9-3fff-757bfe42b5da",
  "outputs": {},
  "resources": [
    {
      "mode": "data",
      "type": "archive_file",
      "name": "lambda_zip",
      "provider": "provider[\"registry.terraform.io/hashicorp/archive\"]",
      "instances": [
        {
          "schema_version": 0,
          "attributes": {
            "exclude_symlink_directories": null,
            "excludes": [
              ".env",
              ".git",
              "__pycache__",
              "terraform",
              "venv"
            ],
            "id": "8296b1a210b16a90f63ae9931500cbd460366bd4",
            "output_base64sha256": "fvbSIC8kmlbWA5RmpI2spDc7zwGFHreyHELATc9Vs64=",
            "output_base64sha512": "UAToKA1jda73T9+kOixewvS2HWKE+80NK6sOOk5LnwyLp5hjRqxHreTI2IbqsTRJt1zqR3IqHWBqslVnPsE8OQ==",
            "output_file_mode": null,
            "output_md5": "7b4f1c414743ffb4b46c6a163dc669a3",
            "output_path": "./cloudwise.zip",
            "output_sha": "8296b1a210b16a90f63ae9931500cbd460366bd4",
            "output_sha256": "7ef6d2202f249a56d6039466a48daca4373bcf01851eb7b21c42c04dcf55b3ae",
            "output_sha512": "5004e8280d6375aef74fdfa43a2c5ec2f4b61d6284fbcd0d2bab0e3a4e4b9f0c8ba7986346ac47ade4c8d886eab13449b75cea47722a1d606ab255673ec13c39",
            "output_size": 35494141,
            "source": [],
            "source_content": null,
            "source_content_filename": null,
            "source_dir": "./../",
            "source_file": null,
            "type": "zip"
          },
          "sensitive_attributes": [],
          "identity_schema_version": 0
        }
      ]
    },
    {
      "mode": "managed",
      "type": "aws_cloudwatch_dashboard",
      "name": "cloudwise",
      "provider": "provider[\"registry.terraform.io/hashicorp/aws\"]",
      "instances": [
        {
          "schema_version": 0,
          "attributes": {
            "dashboard_arn": "arn:aws:cloudwatch::515206814398:dashboard/CloudWise-CostOptimization",
            "dashboard_body": "{\"widgets\":[{\"properties\":{\"metrics\":[[\"CloudWise/CostOptimization\",\"TotalMonthlyWasteINR\"]],\"period\":604800,\"region\":\"ap-south-1\",\"stat\":\"Maximum\",\"title\":\"Total Monthly Waste (INR)\"},\"type\":\"metric\"},{\"properties\":{\"metrics\":[[\"CloudWise/CostOptimization\",\"IdleEC2Count\"],[\"CloudWise/CostOptimization\",\"UnattachedEBSCount\"],[\"CloudWise/CostOptimization\",\"IdleEIPCount\"]],\"period\":604800,\"region\":\"ap-south-1\",\"stat\":\"Maximum\",\"title\":\"Idle Resources Count\"},\"type\":\"metric\"}]}",
            "dashboard_name": "CloudWise-CostOptimization",
            "id": "CloudWise-CostOptimization"
          },
          "sensitive_attributes": [],
          "identity_schema_version": 0,
          "private": "bnVsbA=="
        }
      ]
    },
    {
      "mode": "managed",
      "type": "aws_cloudwatch_event_rule",
      "name": "weekly_scan",
      "provider": "provider[\"registry.terraform.io/hashicorp/aws\"]",
      "instances": [
        {
          "schema_version": 1,
          "attributes": {
            "arn": "arn:aws:events:ap-south-1:515206814398:rule/CloudWiseWeeklyScan",
            "description": "Triggers CloudWise scanner every Monday 9am UTC",
            "event_bus_name": "default",
            "event_pattern": null,
            "force_destroy": false,
            "id": "CloudWiseWeeklyScan",
            "is_enabled": true,
            "name": "CloudWiseWeeklyScan",
            "name_prefix": "",
            "role_arn": "",
            "schedule_expression": "cron(0 9 ? * MON *)",
            "state": "ENABLED",
            "tags": {},
            "tags_all": {}
          },
          "sensitive_attributes": [],
          "identity_schema_version": 0,
          "private": "eyJzY2hlbWFfdmVyc2lvbiI6IjEifQ=="
        }
      ]
    },
    {
      "mode": "managed",
      "type": "aws_cloudwatch_event_target",
      "name": "lambda_target",
      "provider": "provider[\"registry.terraform.io/hashicorp/aws\"]",
      "instances": [
        {
          "schema_version": 1,
          "attributes": {
            "appsync_target": [],
            "arn": "arn:aws:lambda:ap-south-1:515206814398:function:CloudWiseScanner",
            "batch_target": [],
            "dead_letter_config": [],
            "ecs_target": [],
            "event_bus_name": "default",
            "force_destroy": false,
            "http_target": [],
            "id": "CloudWiseWeeklyScan-CloudWiseLambda",
            "input": "",
            "input_path": "",
            "input_transformer": [],
            "kinesis_target": [],
            "redshift_target": [],
            "retry_policy": [],
            "role_arn": "",
            "rule": "CloudWiseWeeklyScan",
            "run_command_targets": [],
            "sagemaker_pipeline_target": [],
            "sqs_target": [],
            "target_id": "CloudWiseLambda"
          },
          "sensitive_attributes": [],
          "identity_schema_version": 0,
          "private": "eyJzY2hlbWFfdmVyc2lvbiI6IjEifQ==",
          "dependencies": [
            "aws_cloudwatch_event_rule.weekly_scan",
            "aws_iam_role.cloudwise_lambda_role",
            "aws_lambda_function.cloudwise",
            "data.archive_file.lambda_zip"
          ]
        }
      ]
    },
    {
      "mode": "managed",
      "type": "aws_iam_role",
      "name": "cloudwise_lambda_role",
      "provider": "provider[\"registry.terraform.io/hashicorp/aws\"]",
      "instances": [
        {
          "schema_version": 0,
          "attributes": {
            "arn": "arn:aws:iam::515206814398:role/CloudWiseLambdaRole",
            "assume_role_policy": "{\"Statement\":[{\"Action\":\"sts:AssumeRole\",\"Effect\":\"Allow\",\"Principal\":{\"Service\":\"lambda.amazonaws.com\"}}],\"Version\":\"2012-10-17\"}",
            "create_date": "2026-06-05T09:02:10Z",
            "description": "",
            "force_detach_policies": false,
            "id": "CloudWiseLambdaRole",
            "inline_policy": [],
            "managed_policy_arns": [
              "arn:aws:iam::515206814398:policy/CloudWiseLambdaPolicy"
            ],
            "max_session_duration": 3600,
            "name": "CloudWiseLambdaRole",
            "name_prefix": "",
            "path": "/",
            "permissions_boundary": "",
            "tags": {},
            "tags_all": {},
            "unique_id": "AROAXP5FYDK7NG7F6OPUO"
          },
          "sensitive_attributes": [],
          "identity_schema_version": 0,
          "private": "bnVsbA=="
        }
      ]
    },
    {
      "mode": "managed",
      "type": "aws_iam_role_policy",
      "name": "lambda_extra",
      "provider": "provider[\"registry.terraform.io/hashicorp/aws\"]",
      "instances": [
        {
          "schema_version": 0,
          "attributes": {
            "id": "CloudWiseLambdaRole:CloudWiseLambdaExtra",
            "name": "CloudWiseLambdaExtra",
            "name_prefix": "",
            "policy": "{\"Version\":\"2012-10-17\",\"Statement\":[{\"Action\":[\"logs:CreateLogGroup\",\"logs:CreateLogStream\",\"logs:PutLogEvents\"],\"Effect\":\"Allow\",\"Resource\":\"*\"},{\"Action\":\"cloudwatch:PutMetricData\",\"Effect\":\"Allow\",\"Resource\":\"*\"},{\"Action\":\"sts:AssumeRole\",\"Effect\":\"Allow\",\"Resource\":\"arn:aws:iam::*:role/CloudWiseScanner\"}]}",
            "role": "CloudWiseLambdaRole"
          },
          "sensitive_attributes": [],
          "identity_schema_version": 0,
          "private": "bnVsbA==",
          "dependencies": [
            "aws_iam_role.cloudwise_lambda_role"
          ]
        }
      ]
    },
    {
      "mode": "managed",
      "type": "aws_iam_role_policy_attachment",
      "name": "lambda_readonly",
      "provider": "provider[\"registry.terraform.io/hashicorp/aws\"]",
      "instances": [
        {
          "schema_version": 0,
          "attributes": {
            "id": "CloudWiseLambdaRole-20260605122742398400000001",
            "policy_arn": "arn:aws:iam::aws:policy/ReadOnlyAccess",
            "role": "CloudWiseLambdaRole"
          },
          "sensitive_attributes": [],
          "identity_schema_version": 0,
          "private": "bnVsbA==",
          "dependencies": [
            "aws_iam_role.cloudwise_lambda_role"
          ]
        }
      ]
    },
    {
      "mode": "managed",
      "type": "aws_lambda_function",
      "name": "cloudwise",
      "provider": "provider[\"registry.terraform.io/hashicorp/aws\"]",
      "instances": [
        {
          "schema_version": 0,
          "attributes": {
            "architectures": [
              "x86_64"
            ],
            "arn": "arn:aws:lambda:ap-south-1:515206814398:function:CloudWiseScanner",
            "code_sha256": "fvbSIC8kmlbWA5RmpI2spDc7zwGFHreyHELATc9Vs64=",
            "code_signing_config_arn": "",
            "dead_letter_config": [],
            "description": "",
            "environment": [
              {
                "variables": {
                  "ENVIRONMENT": "production"
                }
              }
            ],
            "ephemeral_storage": [
              {
                "size": 512
              }
            ],
            "file_system_config": [],
            "filename": "./cloudwise.zip",
            "function_name": "CloudWiseScanner",
            "handler": "lambda_handler.lambda_handler",
            "id": "CloudWiseScanner",
            "image_config": [],
            "image_uri": "",
            "invoke_arn": "arn:aws:apigateway:ap-south-1:lambda:path/2015-03-31/functions/arn:aws:lambda:ap-south-1:515206814398:function:CloudWiseScanner/invocations",
            "kms_key_arn": "",
            "last_modified": "2026-06-05T12:27:57.867+0000",
            "layers": null,
            "logging_config": [
              {
                "application_log_level": "",
                "log_format": "Text",
                "log_group": "/aws/lambda/CloudWiseScanner",
                "system_log_level": ""
              }
            ],
            "memory_size": 128,
            "package_type": "Zip",
            "publish": false,
            "qualified_arn": "arn:aws:lambda:ap-south-1:515206814398:function:CloudWiseScanner:$LATEST",
            "qualified_invoke_arn": "arn:aws:apigateway:ap-south-1:lambda:path/2015-03-31/functions/arn:aws:lambda:ap-south-1:515206814398:function:CloudWiseScanner:$LATEST/invocations",
            "replace_security_groups_on_destroy": null,
            "replacement_security_group_ids": null,
            "reserved_concurrent_executions": -1,
            "role": "arn:aws:iam::515206814398:role/CloudWiseLambdaRole",
            "runtime": "python3.11",
            "s3_bucket": null,
            "s3_key": null,
            "s3_object_version": null,
            "signing_job_arn": "",
            "signing_profile_version_arn": "",
            "skip_destroy": false,
            "snap_start": [],
            "source_code_hash": "fvbSIC8kmlbWA5RmpI2spDc7zwGFHreyHELATc9Vs64=",
            "source_code_size": 35494141,
            "tags": null,
            "tags_all": {},
            "timeout": 300,
            "timeouts": null,
            "tracing_config": [
              {
                "mode": "PassThrough"
              }
            ],
            "version": "$LATEST",
            "vpc_config": []
          },
          "sensitive_attributes": [],
          "identity_schema_version": 0,
          "private": "eyJlMmJmYjczMC1lY2FhLTExZTYtOGY4OC0zNDM2M2JjN2M0YzAiOnsiY3JlYXRlIjo2MDAwMDAwMDAwMDAsImRlbGV0ZSI6NjAwMDAwMDAwMDAwLCJ1cGRhdGUiOjYwMDAwMDAwMDAwMH19",
          "dependencies": [
            "aws_iam_role.cloudwise_lambda_role",
            "data.archive_file.lambda_zip"
          ]
        }
      ]
    },
    {
      "mode": "managed",
      "type": "aws_lambda_permission",
      "name": "allow_eventbridge",
      "provider": "provider[\"registry.terraform.io/hashicorp/aws\"]",
      "instances": [
        {
          "schema_version": 0,
          "attributes": {
            "action": "lambda:InvokeFunction",
            "event_source_token": null,
            "function_name": "CloudWiseScanner",
            "function_url_auth_type": null,
            "id": "AllowEventBridge",
            "principal": "events.amazonaws.com",
            "principal_org_id": null,
            "qualifier": "",
            "source_account": null,
            "source_arn": "arn:aws:events:ap-south-1:515206814398:rule/CloudWiseWeeklyScan",
            "statement_id": "AllowEventBridge",
            "statement_id_prefix": ""
          },
          "sensitive_attributes": [],
          "identity_schema_version": 0,
          "private": "bnVsbA==",
          "dependencies": [
            "aws_cloudwatch_event_rule.weekly_scan",
            "aws_iam_role.cloudwise_lambda_role",
            "aws_lambda_function.cloudwise",
            "data.archive_file.lambda_zip"
          ]
        }
      ]
    }
  ],
  "check_results": null
}
