{
  "version": 4,
  "terraform_version": "1.15.5",
  "serial": 9,
  "lineage": "1ce6234f-ea66-7ee9-3fff-757bfe42b5da",
  "outputs": {},
  "resources": [
    {
      "mode": "data",
      "type": "archive_file",
      "name": "lambda_zip",
      "provider": "provider[\"registry.terraform.io/hashicorp/archive\"]",
      "instances": [
        {
          "schema_version": 0,
          "attributes": {
            "exclude_symlink_directories": null,
            "excludes": [
              ".env",
              ".git",
              "__pycache__",
              "terraform",
              "venv"
            ],
            "id": "8296b1a210b16a90f63ae9931500cbd460366bd4",
            "output_base64sha256": "fvbSIC8kmlbWA5RmpI2spDc7zwGFHreyHELATc9Vs64=",
            "output_base64sha512": "UAToKA1jda73T9+kOixewvS2HWKE+80NK6sOOk5LnwyLp5hjRqxHreTI2IbqsTRJt1zqR3IqHWBqslVnPsE8OQ==",
            "output_file_mode": null,
            "output_md5": "7b4f1c414743ffb4b46c6a163dc669a3",
            "output_path": "C:/Users/Apeksha/Downloads/CloudWise_AWS_FinOps_Project/terraform/cloudwise.zip",
            "output_sha": "8296b1a210b16a90f63ae9931500cbd460366bd4",
            "output_sha256": "7ef6d2202f249a56d6039466a48daca4373bcf01851eb7b21c42c04dcf55b3ae",
            "output_sha512": "5004e8280d6375aef74fdfa43a2c5ec2f4b61d6284fbcd0d2bab0e3a4e4b9f0c8ba7986346ac47ade4c8d886eab13449b75cea47722a1d606ab255673ec13c39",
            "output_size": 35494141,
            "source": [],
            "source_content": null,
            "source_content_filename": null,
            "source_dir": "C:/Users/Apeksha/Downloads/CloudWise_AWS_FinOps_Project/terraform/../",
            "source_file": null,
            "type": "zip"
          },
          "sensitive_attributes": [],
          "identity_schema_version": 0
        }
      ]
    },
    {
      "mode": "managed",
      "type": "aws_cloudwatch_dashboard",
      "name": "cloudwise",
      "provider": "provider[\"registry.terraform.io/hashicorp/aws\"]",
      "instances": [
        {
          "schema_version": 0,
          "attributes": {
            "dashboard_arn": "arn:aws:cloudwatch::515206814398:dashboard/CloudWise-CostOptimization",
            "dashboard_body": "{\"widgets\":[{\"properties\":{\"metrics\":[[\"CloudWise/CostOptimization\",\"TotalMonthlyWasteINR\"]],\"period\":604800,\"region\":\"ap-south-1\",\"stat\":\"Maximum\",\"title\":\"Total Monthly Waste (INR)\"},\"type\":\"metric\"},{\"properties\":{\"metrics\":[[\"CloudWise/CostOptimization\",\"IdleEC2Count\"],[\"CloudWise/CostOptimization\",\"UnattachedEBSCount\"],[\"CloudWise/CostOptimization\",\"IdleEIPCount\"]],\"period\":604800,\"region\":\"ap-south-1\",\"stat\":\"Maximum\",\"title\":\"Idle Resources Count\"},\"type\":\"metric\"}]}",
            "dashboard_name": "CloudWise-CostOptimization",
            "id": "CloudWise-CostOptimization"
          },
          "sensitive_attributes": [],
          "identity_schema_version": 0,
          "private": "bnVsbA=="
        }
      ]
    },
    {
      "mode": "managed",
      "type": "aws_cloudwatch_event_rule",
      "name": "weekly_scan",
      "provider": "provider[\"registry.terraform.io/hashicorp/aws\"]",
      "instances": [
        {
          "schema_version": 1,
          "attributes": {
            "arn": "arn:aws:events:ap-south-1:515206814398:rule/CloudWiseWeeklyScan",
            "description": "Triggers CloudWise scanner every Monday 9am UTC",
            "event_bus_name": "default",
            "event_pattern": null,
            "force_destroy": false,
            "id": "CloudWiseWeeklyScan",
            "is_enabled": true,
            "name": "CloudWiseWeeklyScan",
            "name_prefix": "",
            "role_arn": "",
            "schedule_expression": "cron(0 9 ? * MON *)",
            "state": "ENABLED",
            "tags": null,
            "tags_all": {}
          },
          "sensitive_attributes": [],
          "identity_schema_version": 0,
          "private": "eyJzY2hlbWFfdmVyc2lvbiI6IjEifQ=="
        }
      ]
    },
    {
      "mode": "managed",
      "type": "aws_iam_role",
      "name": "cloudwise_lambda_role",
      "provider": "provider[\"registry.terraform.io/hashicorp/aws\"]",
      "instances": [
        {
          "schema_version": 0,
          "attributes": {
            "arn": "arn:aws:iam::515206814398:role/CloudWiseLambdaRole",
            "assume_role_policy": "{\"Statement\":[{\"Action\":\"sts:AssumeRole\",\"Condition\":{},\"Effect\":\"Allow\",\"Principal\":{\"AWS\":\"arn:aws:iam::515206814398:root\"}}],\"Version\":\"2012-10-17\"}",
            "create_date": "2026-06-05T09:02:10Z",
            "description": "",
            "force_detach_policies": false,
            "id": "CloudWiseLambdaRole",
            "inline_policy": [],
            "managed_policy_arns": [
              "arn:aws:iam::515206814398:policy/CloudWiseLambdaPolicy"
            ],
            "max_session_duration": 3600,
            "name": "CloudWiseLambdaRole",
            "name_prefix": "",
            "path": "/",
            "permissions_boundary": "",
            "tags": {},
            "tags_all": {},
            "unique_id": "AROAXP5FYDK7NG7F6OPUO"
          },
          "sensitive_attributes": [],
          "identity_schema_version": 0,
          "private": "eyJzY2hlbWFfdmVyc2lvbiI6IjAifQ=="
        }
      ]
    }
  ],
  "check_results": null
}
